
Microsoft Visual Studio Solution File, Format Version 12.00
# Visual Studio 14
VisualStudioVersion = 14.0.25420.1
MinimumVisualStudioVersion = 10.0.40219.1
Project("{FAE04EC0-301F-11D3-BF4B-00C04F79EFBC}") = "MVCAssign3", "..\..\Documents\Visual Studio 2015\Projects\CS4790 Examples\MVCAssign3\MVCAssign3\MVCAssign3\MVCAssign3.csproj", "{D53D2B1B-6406-4998-9140-D962E4734F31}"
EndProject
Global
	GlobalSection(SolutionConfigurationPlatforms) = preSolution
		Debug|Any CPU = Debug|Any CPU
		Release|Any CPU = Release|Any CPU
	EndGlobalSection
	GlobalSection(ProjectConfigurationPlatforms) = postSolution
		{D53D2B1B-6406-4998-9140-D962E4734F31}.Debug|Any CPU.ActiveCfg = Debug|Any CPU
		{D53D2B1B-6406-4998-9140-D962E4734F31}.Debug|Any CPU.Build.0 = Debug|Any CPU
		{D53D2B1B-6406-4998-9140-D962E4734F31}.Release|Any CPU.ActiveCfg = Release|Any CPU
		{D53D2B1B-6406-4998-9140-D962E4734F31}.Release|Any CPU.Build.0 = Release|Any CPU
	EndGlobalSection
	GlobalSection(SolutionProperties) = preSolution
		HideSolutionNode = FALSE
	EndGlobalSection
EndGlobal
